// !$*UTF8*$!
{
	archiveVersion = 1;
	classes = {
	};
	objectVersion = 50;
	objects = {

/* Begin PBXBuildFile section */
		D2AF34D5E4041478A1C84068 /* Pods_shopUser.framework in Frameworks */ = {isa = PBXBuildFile; fileRef = C0CB5268646772CA7D070C5A /* Pods_shopUser.framework */; };
		EE032058225CD3A300212E84 /* levelTwoCollectionViewCell.m in Sources */ = {isa = PBXBuildFile; fileRef = EE032057225CD3A300212E84 /* levelTwoCollectionViewCell.m */; };
		EE03205E225CD8EE00212E84 /* shoppingCarViewController.m in Sources */ = {isa = PBXBuildFile; fileRef = EE03205D225CD8EE00212E84 /* shoppingCarViewController.m */; };
		EE032061225CDAD900212E84 /* userInfoTableViewController.m in Sources */ = {isa = PBXBuildFile; fileRef = EE032060225CDAD900212E84 /* userInfoTableViewController.m */; };
		EE032064225CDCC400212E84 /* homeTableViewController.m in Sources */ = {isa = PBXBuildFile; fileRef = EE032063225CDCC400212E84 /* homeTableViewController.m */; };
		EE032069225CF02300212E84 /* commodityListTableViewController.m in Sources */ = {isa = PBXBuildFile; fileRef = EE032068225CF02300212E84 /* commodityListTableViewController.m */; };
		EE03206D225CF46C00212E84 /* commodityListTableViewCell.m in Sources */ = {isa = PBXBuildFile; fileRef = EE03206C225CF46C00212E84 /* commodityListTableViewCell.m */; };
		EE032070225CF51E00212E84 /* commodityInfo.m in Sources */ = {isa = PBXBuildFile; fileRef = EE03206F225CF51E00212E84 /* commodityInfo.m */; };
		EE032072225D88F300212E84 /* Podfile in Resources */ = {isa = PBXBuildFile; fileRef = EE032071225D88F300212E84 /* Podfile */; };
		EE032075225D8D9D00212E84 /* homePageTableViewCell.m in Sources */ = {isa = PBXBuildFile; fileRef = EE032074225D8D9D00212E84 /* homePageTableViewCell.m */; };
		EE1A8A65225CC9B40054E293 /* AppDelegate.m in Sources */ = {isa = PBXBuildFile; fileRef = EE1A8A64225CC9B40054E293 /* AppDelegate.m */; };
		EE1A8A68225CC9B40054E293 /* ViewController.m in Sources */ = {isa = PBXBuildFile; fileRef = EE1A8A67225CC9B40054E293 /* ViewController.m */; };
		EE1A8A6B225CC9B40054E293 /* Main.storyboard in Resources */ = {isa = PBXBuildFile; fileRef = EE1A8A69225CC9B40054E293 /* Main.storyboard */; };
		EE1A8A6E225CC9B40054E293 /* shopUser.xcdatamodeld in Sources */ = {isa = PBXBuildFile; fileRef = EE1A8A6C225CC9B40054E293 /* shopUser.xcdatamodeld */; };
		EE1A8A70225CC9B50054E293 /* Assets.xcassets in Resources */ = {isa = PBXBuildFile; fileRef = EE1A8A6F225CC9B50054E293 /* Assets.xcassets */; };
		EE1A8A73225CC9B50054E293 /* LaunchScreen.storyboard in Resources */ = {isa = PBXBuildFile; fileRef = EE1A8A71225CC9B50054E293 /* LaunchScreen.storyboard */; };
		EE1A8A76225CC9B50054E293 /* main.m in Sources */ = {isa = PBXBuildFile; fileRef = EE1A8A75225CC9B50054E293 /* main.m */; };
		EE1A8A80225CC9B50054E293 /* shopUserTests.m in Sources */ = {isa = PBXBuildFile; fileRef = EE1A8A7F225CC9B50054E293 /* shopUserTests.m */; };
		EE1A8A8B225CC9B50054E293 /* shopUserUITests.m in Sources */ = {isa = PBXBuildFile; fileRef = EE1A8A8A225CC9B50054E293 /* shopUserUITests.m */; };
		EE1A8A9B225CC9FD0054E293 /* loginViewController.m in Sources */ = {isa = PBXBuildFile; fileRef = EE1A8A9A225CC9FD0054E293 /* loginViewController.m */; };
		EE1A8A9F225CCCC30054E293 /* categotyViewController.m in Sources */ = {isa = PBXBuildFile; fileRef = EE1A8A9E225CCCC30054E293 /* categotyViewController.m */; };
		EE1A8AA2225CCCF20054E293 /* levelOneTableViewCell.m in Sources */ = {isa = PBXBuildFile; fileRef = EE1A8AA1225CCCF20054E293 /* levelOneTableViewCell.m */; };
		EE3AABF222713DD500A5BC94 /* orderDetailViewController.h in Headers */ = {isa = PBXBuildFile; fileRef = EE3AABF022713DD500A5BC94 /* orderDetailViewController.h */; };
		EE3AABF322713DD500A5BC94 /* orderDetailViewController.m in Sources */ = {isa = PBXBuildFile; fileRef = EE3AABF122713DD500A5BC94 /* orderDetailViewController.m */; };
		EE3AABF62271409700A5BC94 /* orderDetailTableViewCell.h in Headers */ = {isa = PBXBuildFile; fileRef = EE3AABF42271409700A5BC94 /* orderDetailTableViewCell.h */; };
		EE3AABF72271409700A5BC94 /* orderDetailTableViewCell.m in Sources */ = {isa = PBXBuildFile; fileRef = EE3AABF52271409700A5BC94 /* orderDetailTableViewCell.m */; };
		EE3AABFF2272BE9800A5BC94 /* evaluateViewController.h in Headers */ = {isa = PBXBuildFile; fileRef = EE3AABFD2272BE9800A5BC94 /* evaluateViewController.h */; };
		EE3AAC002272BE9800A5BC94 /* evaluateViewController.m in Sources */ = {isa = PBXBuildFile; fileRef = EE3AABFE2272BE9800A5BC94 /* evaluateViewController.m */; };
		EE3AAC032272E14300A5BC94 /* evaluationDetailViewController.h in Headers */ = {isa = PBXBuildFile; fileRef = EE3AAC012272E14300A5BC94 /* evaluationDetailViewController.h */; };
		EE3AAC042272E14300A5BC94 /* evaluationDetailViewController.m in Sources */ = {isa = PBXBuildFile; fileRef = EE3AAC022272E14300A5BC94 /* evaluationDetailViewController.m */; };
		EE3D5DA42265AD7D006F05BC /* UIColor+themeUIColor.m in Sources */ = {isa = PBXBuildFile; fileRef = EE3D5DA32265AD7D006F05BC /* UIColor+themeUIColor.m */; };
		EE3D5DA62265B223006F05BC /* UIColor+themeUIColor.h in Headers */ = {isa = PBXBuildFile; fileRef = EE3D5DA22265AD7D006F05BC /* UIColor+themeUIColor.h */; settings = {ATTRIBUTES = (Public, ); }; };
		EE3D5DAA2265B698006F05BC /* UIFont+themeUIFont.h in Headers */ = {isa = PBXBuildFile; fileRef = EE3D5DA82265B698006F05BC /* UIFont+themeUIFont.h */; settings = {ATTRIBUTES = (Public, ); }; };
		EE3D5DAB2265B698006F05BC /* UIFont+themeUIFont.m in Sources */ = {isa = PBXBuildFile; fileRef = EE3D5DA92265B698006F05BC /* UIFont+themeUIFont.m */; };
		EE3D5DAE2265B928006F05BC /* UITestViewController.h in Headers */ = {isa = PBXBuildFile; fileRef = EE3D5DAC2265B928006F05BC /* UITestViewController.h */; };
		EE3D5DAF2265B928006F05BC /* UITestViewController.m in Sources */ = {isa = PBXBuildFile; fileRef = EE3D5DAD2265B928006F05BC /* UITestViewController.m */; };
		EE50185A2268756F00EF007E /* listViewController.h in Headers */ = {isa = PBXBuildFile; fileRef = EE5018582268756F00EF007E /* listViewController.h */; };
		EE50185B2268756F00EF007E /* listViewController.m in Sources */ = {isa = PBXBuildFile; fileRef = EE5018592268756F00EF007E /* listViewController.m */; };
		EE6D4E3E226D714700DDE1DA /* receiptLocalViewController.h in Headers */ = {isa = PBXBuildFile; fileRef = EE6D4E3C226D714700DDE1DA /* receiptLocalViewController.h */; };
		EE6D4E3F226D714700DDE1DA /* receiptLocalViewController.m in Sources */ = {isa = PBXBuildFile; fileRef = EE6D4E3D226D714700DDE1DA /* receiptLocalViewController.m */; };
		EE6D4E42226D720F00DDE1DA /* receiptLocalTableViewCell.h in Headers */ = {isa = PBXBuildFile; fileRef = EE6D4E40226D720F00DDE1DA /* receiptLocalTableViewCell.h */; };
		EE6D4E43226D720F00DDE1DA /* receiptLocalTableViewCell.m in Sources */ = {isa = PBXBuildFile; fileRef = EE6D4E41226D720F00DDE1DA /* receiptLocalTableViewCell.m */; };
		EE6D4E46226D7C5600DDE1DA /* localEditViewController.h in Headers */ = {isa = PBXBuildFile; fileRef = EE6D4E44226D7C5600DDE1DA /* localEditViewController.h */; };
		EE6D4E47226D7C5600DDE1DA /* localEditViewController.m in Sources */ = {isa = PBXBuildFile; fileRef = EE6D4E45226D7C5600DDE1DA /* localEditViewController.m */; };
		EE7B7B4422702CEF00D2343C /* waitShipTableViewController.h in Headers */ = {isa = PBXBuildFile; fileRef = EE7B7B4222702CEF00D2343C /* waitShipTableViewController.h */; };
		EE7B7B4522702CEF00D2343C /* waitShipTableViewController.m in Sources */ = {isa = PBXBuildFile; fileRef = EE7B7B4322702CEF00D2343C /* waitShipTableViewController.m */; };
		EE7B7B4822702D0200D2343C /* waitReceiptTableViewController.h in Headers */ = {isa = PBXBuildFile; fileRef = EE7B7B4622702D0200D2343C /* waitReceiptTableViewController.h */; };
		EE7B7B4922702D0200D2343C /* waitReceiptTableViewController.m in Sources */ = {isa = PBXBuildFile; fileRef = EE7B7B4722702D0200D2343C /* waitReceiptTableViewController.m */; };
		EE7B7B4C22702D3D00D2343C /* waitEvaluateTableViewController.h in Headers */ = {isa = PBXBuildFile; fileRef = EE7B7B4A22702D3D00D2343C /* waitEvaluateTableViewController.h */; };
		EE7B7B4D22702D3D00D2343C /* waitEvaluateTableViewController.m in Sources */ = {isa = PBXBuildFile; fileRef = EE7B7B4B22702D3D00D2343C /* waitEvaluateTableViewController.m */; };
		EE7B7B5022702D4900D2343C /* historyTableViewController.h in Headers */ = {isa = PBXBuildFile; fileRef = EE7B7B4E22702D4900D2343C /* historyTableViewController.h */; };
		EE7B7B5122702D4900D2343C /* historyTableViewController.m in Sources */ = {isa = PBXBuildFile; fileRef = EE7B7B4F22702D4900D2343C /* historyTableViewController.m */; };
		EE7B7B58227038BC00D2343C /* orderStatusTableViewCell.h in Headers */ = {isa = PBXBuildFile; fileRef = EE7B7B56227038BC00D2343C /* orderStatusTableViewCell.h */; };
		EE7B7B59227038BC00D2343C /* orderStatusTableViewCell.m in Sources */ = {isa = PBXBuildFile; fileRef = EE7B7B57227038BC00D2343C /* orderStatusTableViewCell.m */; };
		EEB0A6B7226F07C800066371 /* orderViewController.h in Headers */ = {isa = PBXBuildFile; fileRef = EEB0A6B5226F07C800066371 /* orderViewController.h */; };
		EEB0A6B8226F07C800066371 /* orderViewController.m in Sources */ = {isa = PBXBuildFile; fileRef = EEB0A6B6226F07C800066371 /* orderViewController.m */; };
		EEB0A6BB226F095000066371 /* orderTableViewCell.h in Headers */ = {isa = PBXBuildFile; fileRef = EEB0A6B9226F095000066371 /* orderTableViewCell.h */; };
		EEB0A6BC226F095000066371 /* orderTableViewCell.m in Sources */ = {isa = PBXBuildFile; fileRef = EEB0A6BA226F095000066371 /* orderTableViewCell.m */; };
		EED07113225D9CD10086D96C /* homeCollectionView.m in Sources */ = {isa = PBXBuildFile; fileRef = EED07112225D9CD10086D96C /* homeCollectionView.m */; };
		EED07116225D9D170086D96C /* homeCollectionViewCell.m in Sources */ = {isa = PBXBuildFile; fileRef = EED07115225D9D170086D96C /* homeCollectionViewCell.m */; };
		EED07119225DED8B0086D96C /* commodityCollectionViewCell.m in Sources */ = {isa = PBXBuildFile; fileRef = EED07118225DED8B0086D96C /* commodityCollectionViewCell.m */; };
		EED0711C225E2E320086D96C /* userInfoTableViewCell.m in Sources */ = {isa = PBXBuildFile; fileRef = EED0711B225E2E320086D96C /* userInfoTableViewCell.m */; };
		EED07122225E2F490086D96C /* orderStatusCollectionViewCell.m in Sources */ = {isa = PBXBuildFile; fileRef = EED07121225E2F490086D96C /* orderStatusCollectionViewCell.m */; };
		EED289F222748887007725AE /* ARViewController.h in Headers */ = {isa = PBXBuildFile; fileRef = EED289F022748887007725AE /* ARViewController.h */; };
		EED289F322748887007725AE /* ARViewController.m in Sources */ = {isa = PBXBuildFile; fileRef = EED289F122748887007725AE /* ARViewController.m */; };
		EED289FA22753C1A007725AE /* SUSelectButton.h in Headers */ = {isa = PBXBuildFile; fileRef = EED289F822753C1A007725AE /* SUSelectButton.h */; };
		EED289FB22753C1A007725AE /* SUSelectButton.m in Sources */ = {isa = PBXBuildFile; fileRef = EED289F922753C1A007725AE /* SUSelectButton.m */; };
		EEDC62112268AA9A0067533A /* registerViewController.h in Headers */ = {isa = PBXBuildFile; fileRef = EEDC620F2268AA9A0067533A /* registerViewController.h */; };
		EEDC62122268AA9A0067533A /* registerViewController.m in Sources */ = {isa = PBXBuildFile; fileRef = EEDC62102268AA9A0067533A /* registerViewController.m */; };
		EEDC62162268B79E0067533A /* infoTableViewController.h in Headers */ = {isa = PBXBuildFile; fileRef = EEDC62142268B79E0067533A /* infoTableViewController.h */; };
		EEDC62172268B79E0067533A /* infoTableViewController.m in Sources */ = {isa = PBXBuildFile; fileRef = EEDC62152268B79E0067533A /* infoTableViewController.m */; };
		EEDC621A22695E940067533A /* baseInfoTableViewCell.h in Headers */ = {isa = PBXBuildFile; fileRef = EEDC621822695E940067533A /* baseInfoTableViewCell.h */; };
		EEDC621B22695E940067533A /* baseInfoTableViewCell.m in Sources */ = {isa = PBXBuildFile; fileRef = EEDC621922695E940067533A /* baseInfoTableViewCell.m */; };
		EEDC62222269772B0067533A /* infoViewController.h in Headers */ = {isa = PBXBuildFile; fileRef = EEDC62202269772B0067533A /* infoViewController.h */; settings = {ATTRIBUTES = (Public, ); }; };
		EEDC62232269772B0067533A /* infoViewController.m in Sources */ = {isa = PBXBuildFile; fileRef = EEDC62212269772B0067533A /* infoViewController.m */; };
		EEDC62242269B38C0067533A /* commodityListTableViewController.h in Headers */ = {isa = PBXBuildFile; fileRef = EE032067225CF02300212E84 /* commodityListTableViewController.h */; settings = {ATTRIBUTES = (Public, ); }; };
		EEDC6227226D689C0067533A /* collectionTableViewController.h in Headers */ = {isa = PBXBuildFile; fileRef = EEDC6225226D689C0067533A /* collectionTableViewController.h */; };
		EEDC6228226D689C0067533A /* collectionTableViewController.m in Sources */ = {isa = PBXBuildFile; fileRef = EEDC6226226D689C0067533A /* collectionTableViewController.m */; };
		EEDC622B226D69570067533A /* collectionTableViewCell.h in Headers */ = {isa = PBXBuildFile; fileRef = EEDC6229226D69570067533A /* collectionTableViewCell.h */; };
		EEDC622C226D69570067533A /* collectionTableViewCell.m in Sources */ = {isa = PBXBuildFile; fileRef = EEDC622A226D69570067533A /* collectionTableViewCell.m */; };
		EEE1C85122742EC2006ACD74 /* selectLocalViewController.h in Headers */ = {isa = PBXBuildFile; fileRef = EEE1C84F22742EC2006ACD74 /* selectLocalViewController.h */; };
		EEE1C85222742EC2006ACD74 /* selectLocalViewController.m in Sources */ = {isa = PBXBuildFile; fileRef = EEE1C85022742EC2006ACD74 /* selectLocalViewController.m */; };
		EEED193E2265D26F005CD4DA /* shoppingCarTableViewCell.h in Headers */ = {isa = PBXBuildFile; fileRef = EEED193C2265D26F005CD4DA /* shoppingCarTableViewCell.h */; };
		EEED193F2265D26F005CD4DA /* shoppingCarTableViewCell.m in Sources */ = {isa = PBXBuildFile; fileRef = EEED193D2265D26F005CD4DA /* shoppingCarTableViewCell.m */; };
/* End PBXBuildFile section */

/* Begin PBXContainerItemProxy section */
		EE1A8A7C225CC9B50054E293 /* PBXContainerItemProxy */ = {
			isa = PBXContainerItemProxy;
			containerPortal = EE1A8A58225CC9B40054E293 /* Project object */;
			proxyType = 1;
			remoteGlobalIDString = EE1A8A5F225CC9B40054E293;
			remoteInfo = shopUser;
		};
		EE1A8A87225CC9B50054E293 /* PBXContainerItemProxy */ = {
			isa = PBXContainerItemProxy;
			containerPortal = EE1A8A58225CC9B40054E293 /* Project object */;
			proxyType = 1;
			remoteGlobalIDString = EE1A8A5F225CC9B40054E293;
			remoteInfo = shopUser;
		};
/* End PBXContainerItemProxy section */

/* Begin PBXFileReference section */
		213FEDECC8C1DE405B8C948E /* Pods-shopUser.debug.xcconfig */ = {isa = PBXFileReference; includeInIndex = 1; lastKnownFileType = text.xcconfig; name = "Pods-shopUser.debug.xcconfig"; path = "Pods/Target Support Files/Pods-shopUser/Pods-shopUser.debug.xcconfig"; sourceTree = "<group>"; };
		2A37FA38FF45EF96FB5F9741 /* Pods-shopUser.release.xcconfig */ = {isa = PBXFileReference; includeInIndex = 1; lastKnownFileType = text.xcconfig; name = "Pods-shopUser.release.xcconfig"; path = "Pods/Target Support Files/Pods-shopUser/Pods-shopUser.release.xcconfig"; sourceTree = "<group>"; };
		C0CB5268646772CA7D070C5A /* Pods_shopUser.framework */ = {isa = PBXFileReference; explicitFileType = wrapper.framework; includeInIndex = 0; path = Pods_shopUser.framework; sourceTree = BUILT_PRODUCTS_DIR; };
		EE032056225CD3A300212E84 /* levelTwoCollectionViewCell.h */ = {isa = PBXFileReference; lastKnownFileType = sourcecode.c.h; path = levelTwoCollectionViewCell.h; sourceTree = "<group>"; };
		EE032057225CD3A300212E84 /* levelTwoCollectionViewCell.m */ = {isa = PBXFileReference; lastKnownFileType = sourcecode.c.objc; path = levelTwoCollectionViewCell.m; sourceTree = "<group>"; };
		EE03205C225CD8EE00212E84 /* shoppingCarViewController.h */ = {isa = PBXFileReference; lastKnownFileType = sourcecode.c.h; path = shoppingCarViewController.h; sourceTree = "<group>"; };
		EE03205D225CD8EE00212E84 /* shoppingCarViewController.m */ = {isa = PBXFileReference; lastKnownFileType = sourcecode.c.objc; path = shoppingCarViewController.m; sourceTree = "<group>"; };
		EE03205F225CDAD900212E84 /* userInfoTableViewController.h */ = {isa = PBXFileReference; lastKnownFileType = sourcecode.c.h; path = userInfoTableViewController.h; sourceTree = "<group>"; };
		EE032060225CDAD900212E84 /* userInfoTableViewController.m */ = {isa = PBXFileReference; lastKnownFileType = sourcecode.c.objc; path = userInfoTableViewController.m; sourceTree = "<group>"; };
		EE032062225CDCC400212E84 /* homeTableViewController.h */ = {isa = PBXFileReference; lastKnownFileType = sourcecode.c.h; path = homeTableViewController.h; sourceTree = "<group>"; };
		EE032063225CDCC400212E84 /* homeTableViewController.m */ = {isa = PBXFileReference; lastKnownFileType = sourcecode.c.objc; path = homeTableViewController.m; sourceTree = "<group>"; };
		EE032067225CF02300212E84 /* commodityListTableViewController.h */ = {isa = PBXFileReference; lastKnownFileType = sourcecode.c.h; path = commodityListTableViewController.h; sourceTree = "<group>"; };
		EE032068225CF02300212E84 /* commodityListTableViewController.m */ = {isa = PBXFileReference; lastKnownFileType = sourcecode.c.objc; path = commodityListTableViewController.m; sourceTree = "<group>"; };
		EE03206B225CF46C00212E84 /* commodityListTableViewCell.h */ = {isa = PBXFileReference; lastKnownFileType = sourcecode.c.h; path = commodityListTableViewCell.h; sourceTree = "<group>"; };
		EE03206C225CF46C00212E84 /* commodityListTableViewCell.m */ = {isa = PBXFileReference; lastKnownFileType = sourcecode.c.objc; path = commodityListTableViewCell.m; sourceTree = "<group>"; };
		EE03206E225CF51E00212E84 /* commodityInfo.h */ = {isa = PBXFileReference; lastKnownFileType = sourcecode.c.h; path = commodityInfo.h; sourceTree = "<group>"; };
		EE03206F225CF51E00212E84 /* commodityInfo.m */ = {isa = PBXFileReference; lastKnownFileType = sourcecode.c.objc; path = commodityInfo.m; sourceTree = "<group>"; };
		EE032071225D88F300212E84 /* Podfile */ = {isa = PBXFileReference; lastKnownFileType = text; path = Podfile; sourceTree = "<group>"; xcLanguageSpecificationIdentifier = xcode.lang.ruby; };
		EE032073225D8D9D00212E84 /* homePageTableViewCell.h */ = {isa = PBXFileReference; lastKnownFileType = sourcecode.c.h; path = homePageTableViewCell.h; sourceTree = "<group>"; };
		EE032074225D8D9D00212E84 /* homePageTableViewCell.m */ = {isa = PBXFileReference; lastKnownFileType = sourcecode.c.objc; path = homePageTableViewCell.m; sourceTree = "<group>"; };
		EE1A8A60225CC9B40054E293 /* shopUser.app */ = {isa = PBXFileReference; explicitFileType = wrapper.application; includeInIndex = 0; path = shopUser.app; sourceTree = BUILT_PRODUCTS_DIR; };
		EE1A8A63225CC9B40054E293 /* AppDelegate.h */ = {isa = PBXFileReference; lastKnownFileType = sourcecode.c.h; path = AppDelegate.h; sourceTree = "<group>"; };
		EE1A8A64225CC9B40054E293 /* AppDelegate.m */ = {isa = PBXFileReference; lastKnownFileType = sourcecode.c.objc; path = AppDelegate.m; sourceTree = "<group>"; };
		EE1A8A66225CC9B40054E293 /* ViewController.h */ = {isa = PBXFileReference; lastKnownFileType = sourcecode.c.h; path = ViewController.h; sourceTree = "<group>"; };
		EE1A8A67225CC9B40054E293 /* ViewController.m */ = {isa = PBXFileReference; lastKnownFileType = sourcecode.c.objc; path = ViewController.m; sourceTree = "<group>"; };
		EE1A8A6A225CC9B40054E293 /* Base */ = {isa = PBXFileReference; lastKnownFileType = file.storyboard; name = Base; path = Base.lproj/Main.storyboard; sourceTree = "<group>"; };
		EE1A8A6D225CC9B40054E293 /* shopUser.xcdatamodel */ = {isa = PBXFileReference; lastKnownFileType = wrapper.xcdatamodel; path = shopUser.xcdatamodel; sourceTree = "<group>"; };
		EE1A8A6F225CC9B50054E293 /* Assets.xcassets */ = {isa = PBXFileReference; lastKnownFileType = folder.assetcatalog; path = Assets.xcassets; sourceTree = "<group>"; };
		EE1A8A72225CC9B50054E293 /* Base */ = {isa = PBXFileReference; lastKnownFileType = file.storyboard; name = Base; path = Base.lproj/LaunchScreen.storyboard; sourceTree = "<group>"; };
		EE1A8A74225CC9B50054E293 /* Info.plist */ = {isa = PBXFileReference; lastKnownFileType = text.plist.xml; path = Info.plist; sourceTree = "<group>"; };
		EE1A8A75225CC9B50054E293 /* main.m */ = {isa = PBXFileReference; lastKnownFileType = sourcecode.c.objc; path = main.m; sourceTree = "<group>"; };
		EE1A8A7B225CC9B50054E293 /* shopUserTests.xctest */ = {isa = PBXFileReference; explicitFileType = wrapper.cfbundle; includeInIndex = 0; path = shopUserTests.xctest; sourceTree = BUILT_PRODUCTS_DIR; };
		EE1A8A7F225CC9B50054E293 /* shopUserTests.m */ = {isa = PBXFileReference; lastKnownFileType = sourcecode.c.objc; path = shopUserTests.m; sourceTree = "<group>"; };
		EE1A8A81225CC9B50054E293 /* Info.plist */ = {isa = PBXFileReference; lastKnownFileType = text.plist.xml; path = Info.plist; sourceTree = "<group>"; };
		EE1A8A86225CC9B50054E293 /* shopUserUITests.xctest */ = {isa = PBXFileReference; explicitFileType = wrapper.cfbundle; includeInIndex = 0; path = shopUserUITests.xctest; sourceTree = BUILT_PRODUCTS_DIR; };
		EE1A8A8A225CC9B50054E293 /* shopUserUITests.m */ = {isa = PBXFileReference; lastKnownFileType = sourcecode.c.objc; path = shopUserUITests.m; sourceTree = "<group>"; };
		EE1A8A8C225CC9B50054E293 /* Info.plist */ = {isa = PBXFileReference; lastKnownFileType = text.plist.xml; path = Info.plist; sourceTree = "<group>"; };
		EE1A8A99225CC9FD0054E293 /* loginViewController.h */ = {isa = PBXFileReference; lastKnownFileType = sourcecode.c.h; path = loginViewController.h; sourceTree = "<group>"; };
		EE1A8A9A225CC9FD0054E293 /* loginViewController.m */ = {isa = PBXFileReference; lastKnownFileType = sourcecode.c.objc; path = loginViewController.m; sourceTree = "<group>"; };
		EE1A8A9D225CCCC30054E293 /* categotyViewController.h */ = {isa = PBXFileReference; lastKnownFileType = sourcecode.c.h; path = categotyViewController.h; sourceTree = "<group>"; };
		EE1A8A9E225CCCC30054E293 /* categotyViewController.m */ = {isa = PBXFileReference; lastKnownFileType = sourcecode.c.objc; path = categotyViewController.m; sourceTree = "<group>"; };
		EE1A8AA0225CCCF20054E293 /* levelOneTableViewCell.h */ = {isa = PBXFileReference; lastKnownFileType = sourcecode.c.h; path = levelOneTableViewCell.h; sourceTree = "<group>"; };
		EE1A8AA1225CCCF20054E293 /* levelOneTableViewCell.m */ = {isa = PBXFileReference; lastKnownFileType = sourcecode.c.objc; path = levelOneTableViewCell.m; sourceTree = "<group>"; };
		EE3AABF022713DD500A5BC94 /* orderDetailViewController.h */ = {isa = PBXFileReference; lastKnownFileType = sourcecode.c.h; path = orderDetailViewController.h; sourceTree = "<group>"; };
		EE3AABF122713DD500A5BC94 /* orderDetailViewController.m */ = {isa = PBXFileReference; lastKnownFileType = sourcecode.c.objc; path = orderDetailViewController.m; sourceTree = "<group>"; };
		EE3AABF42271409700A5BC94 /* orderDetailTableViewCell.h */ = {isa = PBXFileReference; lastKnownFileType = sourcecode.c.h; path = orderDetailTableViewCell.h; sourceTree = "<group>"; };
		EE3AABF52271409700A5BC94 /* orderDetailTableViewCell.m */ = {isa = PBXFileReference; lastKnownFileType = sourcecode.c.objc; path = orderDetailTableViewCell.m; sourceTree = "<group>"; };
		EE3AABFD2272BE9800A5BC94 /* evaluateViewController.h */ = {isa = PBXFileReference; lastKnownFileType = sourcecode.c.h; path = evaluateViewController.h; sourceTree = "<group>"; };
		EE3AABFE2272BE9800A5BC94 /* evaluateViewController.m */ = {isa = PBXFileReference; lastKnownFileType = sourcecode.c.objc; path = evaluateViewController.m; sourceTree = "<group>"; };
		EE3AAC012272E14300A5BC94 /* evaluationDetailViewController.h */ = {isa = PBXFileReference; lastKnownFileType = sourcecode.c.h; path = evaluationDetailViewController.h; sourceTree = "<group>"; };
		EE3AAC022272E14300A5BC94 /* evaluationDetailViewController.m */ = {isa = PBXFileReference; lastKnownFileType = sourcecode.c.objc; path = evaluationDetailViewController.m; sourceTree = "<group>"; };
		EE3D5DA22265AD7D006F05BC /* UIColor+themeUIColor.h */ = {isa = PBXFileReference; lastKnownFileType = sourcecode.c.h; path = "UIColor+themeUIColor.h"; sourceTree = "<group>"; };
		EE3D5DA32265AD7D006F05BC /* UIColor+themeUIColor.m */ = {isa = PBXFileReference; lastKnownFileType = sourcecode.c.objc; path = "UIColor+themeUIColor.m"; sourceTree = "<group>"; };
		EE3D5DA82265B698006F05BC /* UIFont+themeUIFont.h */ = {isa = PBXFileReference; lastKnownFileType = sourcecode.c.h; path = "UIFont+themeUIFont.h"; sourceTree = "<group>"; };
		EE3D5DA92265B698006F05BC /* UIFont+themeUIFont.m */ = {isa = PBXFileReference; lastKnownFileType = sourcecode.c.objc; path = "UIFont+themeUIFont.m"; sourceTree = "<group>"; };
		EE3D5DAC2265B928006F05BC /* UITestViewController.h */ = {isa = PBXFileReference; lastKnownFileType = sourcecode.c.h; path = UITestViewController.h; sourceTree = "<group>"; };
		EE3D5DAD2265B928006F05BC /* UITestViewController.m */ = {isa = PBXFileReference; lastKnownFileType = sourcecode.c.objc; path = UITestViewController.m; sourceTree = "<group>"; };
		EE5018582268756F00EF007E /* listViewController.h */ = {isa = PBXFileReference; lastKnownFileType = sourcecode.c.h; path = listViewController.h; sourceTree = "<group>"; };
		EE5018592268756F00EF007E /* listViewController.m */ = {isa = PBXFileReference; lastKnownFileType = sourcecode.c.objc; path = listViewController.m; sourceTree = "<group>"; };
		EE6D4E3C226D714700DDE1DA /* receiptLocalViewController.h */ = {isa = PBXFileReference; lastKnownFileType = sourcecode.c.h; path = receiptLocalViewController.h; sourceTree = "<group>"; };
		EE6D4E3D226D714700DDE1DA /* receiptLocalViewController.m */ = {isa = PBXFileReference; lastKnownFileType = sourcecode.c.objc; path = receiptLocalViewController.m; sourceTree = "<group>"; };
		EE6D4E40226D720F00DDE1DA /* receiptLocalTableViewCell.h */ = {isa = PBXFileReference; lastKnownFileType = sourcecode.c.h; path = receiptLocalTableViewCell.h; sourceTree = "<group>"; };
		EE6D4E41226D720F00DDE1DA /* receiptLocalTableViewCell.m */ = {isa = PBXFileReference; lastKnownFileType = sourcecode.c.objc; path = receiptLocalTableViewCell.m; sourceTree = "<group>"; };
		EE6D4E44226D7C5600DDE1DA /* localEditViewController.h */ = {isa = PBXFileReference; lastKnownFileType = sourcecode.c.h; path = localEditViewController.h; sourceTree = "<group>"; };
		EE6D4E45226D7C5600DDE1DA /* localEditViewController.m */ = {isa = PBXFileReference; lastKnownFileType = sourcecode.c.objc; path = localEditViewController.m; sourceTree = "<group>"; };
		EE7B7B4222702CEF00D2343C /* waitShipTableViewController.h */ = {isa = PBXFileReference; lastKnownFileType = sourcecode.c.h; path = waitShipTableViewController.h; sourceTree = "<group>"; };
		EE7B7B4322702CEF00D2343C /* waitShipTableViewController.m */ = {isa = PBXFileReference; lastKnownFileType = sourcecode.c.objc; path = waitShipTableViewController.m; sourceTree = "<group>"; };
		EE7B7B4622702D0200D2343C /* waitReceiptTableViewController.h */ = {isa = PBXFileReference; lastKnownFileType = sourcecode.c.h; path = waitReceiptTableViewController.h; sourceTree = "<group>"; };
		EE7B7B4722702D0200D2343C /* waitReceiptTableViewController.m */ = {isa = PBXFileReference; lastKnownFileType = sourcecode.c.objc; path = waitReceiptTableViewController.m; sourceTree = "<group>"; };
		EE7B7B4A22702D3D00D2343C /* waitEvaluateTableViewController.h */ = {isa = PBXFileReference; lastKnownFileType = sourcecode.c.h; path = waitEvaluateTableViewController.h; sourceTree = "<group>"; };
		EE7B7B4B22702D3D00D2343C /* waitEvaluateTableViewController.m */ = {isa = PBXFileReference; lastKnownFileType = sourcecode.c.objc; path = waitEvaluateTableViewController.m; sourceTree = "<group>"; };
		EE7B7B4E22702D4900D2343C /* historyTableViewController.h */ = {isa = PBXFileReference; lastKnownFileType = sourcecode.c.h; path = historyTableViewController.h; sourceTree = "<group>"; };
		EE7B7B4F22702D4900D2343C /* historyTableViewController.m */ = {isa = PBXFileReference; lastKnownFileType = sourcecode.c.objc; path = historyTableViewController.m; sourceTree = "<group>"; };
		EE7B7B56227038BC00D2343C /* orderStatusTableViewCell.h */ = {isa = PBXFileReference; lastKnownFileType = sourcecode.c.h; path = orderStatusTableViewCell.h; sourceTree = "<group>"; };
		EE7B7B57227038BC00D2343C /* orderStatusTableViewCell.m */ = {isa = PBXFileReference; lastKnownFileType = sourcecode.c.objc; path = orderStatusTableViewCell.m; sourceTree = "<group>"; };
		EEB0A6B5226F07C800066371 /* orderViewController.h */ = {isa = PBXFileReference; lastKnownFileType = sourcecode.c.h; path = orderViewController.h; sourceTree = "<group>"; };
		EEB0A6B6226F07C800066371 /* orderViewController.m */ = {isa = PBXFileReference; lastKnownFileType = sourcecode.c.objc; path = orderViewController.m; sourceTree = "<group>"; };
		EEB0A6B9226F095000066371 /* orderTableViewCell.h */ = {isa = PBXFileReference; lastKnownFileType = sourcecode.c.h; path = orderTableViewCell.h; sourceTree = "<group>"; };
		EEB0A6BA226F095000066371 /* orderTableViewCell.m */ = {isa = PBXFileReference; lastKnownFileType = sourcecode.c.objc; path = orderTableViewCell.m; sourceTree = "<group>"; };
		EED07111225D9CD10086D96C /* homeCollectionView.h */ = {isa = PBXFileReference; lastKnownFileType = sourcecode.c.h; path = homeCollectionView.h; sourceTree = "<group>"; };
		EED07112225D9CD10086D96C /* homeCollectionView.m */ = {isa = PBXFileReference; lastKnownFileType = sourcecode.c.objc; path = homeCollectionView.m; sourceTree = "<group>"; };
		EED07114225D9D170086D96C /* homeCollectionViewCell.h */ = {isa = PBXFileReference; lastKnownFileType = sourcecode.c.h; path = homeCollectionViewCell.h; sourceTree = "<group>"; };
		EED07115225D9D170086D96C /* homeCollectionViewCell.m */ = {isa = PBXFileReference; lastKnownFileType = sourcecode.c.objc; path = homeCollectionViewCell.m; sourceTree = "<group>"; };
		EED07117225DED8B0086D96C /* commodityCollectionViewCell.h */ = {isa = PBXFileReference; lastKnownFileType = sourcecode.c.h; path = commodityCollectionViewCell.h; sourceTree = "<group>"; };
		EED07118225DED8B0086D96C /* commodityCollectionViewCell.m */ = {isa = PBXFileReference; lastKnownFileType = sourcecode.c.objc; path = commodityCollectionViewCell.m; sourceTree = "<group>"; };
		EED0711A225E2E320086D96C /* userInfoTableViewCell.h */ = {isa = PBXFileReference; lastKnownFileType = sourcecode.c.h; path = userInfoTableViewCell.h; sourceTree = "<group>"; };
		EED0711B225E2E320086D96C /* userInfoTableViewCell.m */ = {isa = PBXFileReference; lastKnownFileType = sourcecode.c.objc; path = userInfoTableViewCell.m; sourceTree = "<group>"; };
		EED07120225E2F490086D96C /* orderStatusCollectionViewCell.h */ = {isa = PBXFileReference; lastKnownFileType = sourcecode.c.h; path = orderStatusCollectionViewCell.h; sourceTree = "<group>"; };
		EED07121225E2F490086D96C /* orderStatusCollectionViewCell.m */ = {isa = PBXFileReference; lastKnownFileType = sourcecode.c.objc; path = orderStatusCollectionViewCell.m; sourceTree = "<group>"; };
		EED289F022748887007725AE /* ARViewController.h */ = {isa = PBXFileReference; lastKnownFileType = sourcecode.c.h; path = ARViewController.h; sourceTree = "<group>"; };
		EED289F122748887007725AE /* ARViewController.m */ = {isa = PBXFileReference; lastKnownFileType = sourcecode.c.objc; path = ARViewController.m; sourceTree = "<group>"; };
		EED289F822753C1A007725AE /* SUSelectButton.h */ = {isa = PBXFileReference; lastKnownFileType = sourcecode.c.h; path = SUSelectButton.h; sourceTree = "<group>"; };
		EED289F922753C1A007725AE /* SUSelectButton.m */ = {isa = PBXFileReference; lastKnownFileType = sourcecode.c.objc; path = SUSelectButton.m; sourceTree = "<group>"; };
		EEDC620F2268AA9A0067533A /* registerViewController.h */ = {isa = PBXFileReference; lastKnownFileType = sourcecode.c.h; path = registerViewController.h; sourceTree = "<group>"; };
		EEDC62102268AA9A0067533A /* registerViewController.m */ = {isa = PBXFileReference; lastKnownFileType = sourcecode.c.objc; path = registerViewController.m; sourceTree = "<group>"; };
		EEDC62142268B79E0067533A /* infoTableViewController.h */ = {isa = PBXFileReference; lastKnownFileType = sourcecode.c.h; path = infoTableViewController.h; sourceTree = "<group>"; };
		EEDC62152268B79E0067533A /* infoTableViewController.m */ = {isa = PBXFileReference; lastKnownFileType = sourcecode.c.objc; path = infoTableViewController.m; sourceTree = "<group>"; };
		EEDC621822695E940067533A /* baseInfoTableViewCell.h */ = {isa = PBXFileReference; lastKnownFileType = sourcecode.c.h; path = baseInfoTableViewCell.h; sourceTree = "<group>"; };
		EEDC621922695E940067533A /* baseInfoTableViewCell.m */ = {isa = PBXFileReference; lastKnownFileType = sourcecode.c.objc; path = baseInfoTableViewCell.m; sourceTree = "<group>"; };
		EEDC62202269772B0067533A /* infoViewController.h */ = {isa = PBXFileReference; lastKnownFileType = sourcecode.c.h; path = infoViewController.h; sourceTree = "<group>"; };
		EEDC62212269772B0067533A /* infoViewController.m */ = {isa = PBXFileReference; lastKnownFileType = sourcecode.c.objc; path = infoViewController.m; sourceTree = "<group>"; };
		EEDC6225226D689C0067533A /* collectionTableViewController.h */ = {isa = PBXFileReference; lastKnownFileType = sourcecode.c.h; path = collectionTableViewController.h; sourceTree = "<group>"; };
		EEDC6226226D689C0067533A /* collectionTableViewController.m */ = {isa = PBXFileReference; lastKnownFileType = sourcecode.c.objc; path = collectionTableViewController.m; sourceTree = "<group>"; };
		EEDC6229226D69570067533A /* collectionTableViewCell.h */ = {isa = PBXFileReference; lastKnownFileType = sourcecode.c.h; path = collectionTableViewCell.h; sourceTree = "<group>"; };
		EEDC622A226D69570067533A /* collectionTableViewCell.m */ = {isa = PBXFileReference; lastKnownFileType = sourcecode.c.objc; path = collectionTableViewCell.m; sourceTree = "<group>"; };
		EEE1C84F22742EC2006ACD74 /* selectLocalViewController.h */ = {isa = PBXFileReference; lastKnownFileType = sourcecode.c.h; path = selectLocalViewController.h; sourceTree = "<group>"; };
		EEE1C85022742EC2006ACD74 /* selectLocalViewController.m */ = {isa = PBXFileReference; lastKnownFileType = sourcecode.c.objc; path = selectLocalViewController.m; sourceTree = "<group>"; };
		EEED193C2265D26F005CD4DA /* shoppingCarTableViewCell.h */ = {isa = PBXFileReference; lastKnownFileType = sourcecode.c.h; path = shoppingCarTableViewCell.h; sourceTree = "<group>"; };
		EEED193D2265D26F005CD4DA /* shoppingCarTableViewCell.m */ = {isa = PBXFileReference; lastKnownFileType = sourcecode.c.objc; path = shoppingCarTableViewCell.m; sourceTree = "<group>"; };
/* End PBXFileReference section */

/* Begin PBXFrameworksBuildPhase section */
		EE1A8A5D225CC9B40054E293 /* Frameworks */ = {
			isa = PBXFrameworksBuildPhase;
			buildActionMask = 2147483647;
			files = (
				D2AF34D5E4041478A1C84068 /* Pods_shopUser.framework in Frameworks */,
			);
			runOnlyForDeploymentPostprocessing = 0;
		};
		EE1A8A78225CC9B50054E293 /* Frameworks */ = {
			isa = PBXFrameworksBuildPhase;
			buildActionMask = 2147483647;
			files = (
			);
			runOnlyForDeploymentPostprocessing = 0;
		};
		EE1A8A83225CC9B50054E293 /* Frameworks */ = {
			isa = PBXFrameworksBuildPhase;
			buildActionMask = 2147483647;
			files = (
			);
			runOnlyForDeploymentPostprocessing = 0;
		};
/* End PBXFrameworksBuildPhase section */

/* Begin PBXGroup section */
		9C7B395B58C44D2797BCD9D0 /* Pods */ = {
			isa = PBXGroup;
			children = (
				213FEDECC8C1DE405B8C948E /* Pods-shopUser.debug.xcconfig */,
				2A37FA38FF45EF96FB5F9741 /* Pods-shopUser.release.xcconfig */,
			);
			name = Pods;
			sourceTree = "<group>";
		};
		EE032059225CD77200212E84 /* userInfoPage */ = {
			isa = PBXGroup;
			children = (
				EE03205F225CDAD900212E84 /* userInfoTableViewController.h */,
				EE032060225CDAD900212E84 /* userInfoTableViewController.m */,
				EED0711A225E2E320086D96C /* userInfoTableViewCell.h */,
				EED0711B225E2E320086D96C /* userInfoTableViewCell.m */,
				EED07120225E2F490086D96C /* orderStatusCollectionViewCell.h */,
				EED07121225E2F490086D96C /* orderStatusCollectionViewCell.m */,
				EEDC6225226D689C0067533A /* collectionTableViewController.h */,
				EEDC6226226D689C0067533A /* collectionTableViewController.m */,
				EEDC6229226D69570067533A /* collectionTableViewCell.h */,
				EEDC622A226D69570067533A /* collectionTableViewCell.m */,
				EE6D4E3C226D714700DDE1DA /* receiptLocalViewController.h */,
				EE6D4E3D226D714700DDE1DA /* receiptLocalViewController.m */,
				EE6D4E40226D720F00DDE1DA /* receiptLocalTableViewCell.h */,
				EE6D4E41226D720F00DDE1DA /* receiptLocalTableViewCell.m */,
				EE6D4E44226D7C5600DDE1DA /* localEditViewController.h */,
				EE6D4E45226D7C5600DDE1DA /* localEditViewController.m */,
				EE7B7B4222702CEF00D2343C /* waitShipTableViewController.h */,
				EE7B7B4322702CEF00D2343C /* waitShipTableViewController.m */,
				EE7B7B4622702D0200D2343C /* waitReceiptTableViewController.h */,
				EE7B7B4722702D0200D2343C /* waitReceiptTableViewController.m */,
				EE7B7B4A22702D3D00D2343C /* waitEvaluateTableViewController.h */,
				EE7B7B4B22702D3D00D2343C /* waitEvaluateTableViewController.m */,
				EE7B7B4E22702D4900D2343C /* historyTableViewController.h */,
				EE7B7B4F22702D4900D2343C /* historyTableViewController.m */,
				EE7B7B56227038BC00D2343C /* orderStatusTableViewCell.h */,
				EE7B7B57227038BC00D2343C /* orderStatusTableViewCell.m */,
				EE3AABF022713DD500A5BC94 /* orderDetailViewController.h */,
				EE3AABF122713DD500A5BC94 /* orderDetailViewController.m */,
				EE3AABF42271409700A5BC94 /* orderDetailTableViewCell.h */,
				EE3AABF52271409700A5BC94 /* orderDetailTableViewCell.m */,
				EE3AABFD2272BE9800A5BC94 /* evaluateViewController.h */,
				EE3AABFE2272BE9800A5BC94 /* evaluateViewController.m */,
			);
			path = userInfoPage;
			sourceTree = "<group>";
		};
		EE03205A225CD78300212E84 /* shoppingCarPage */ = {
			isa = PBXGroup;
			children = (
				EE03205C225CD8EE00212E84 /* shoppingCarViewController.h */,
				EE03205D225CD8EE00212E84 /* shoppingCarViewController.m */,
				EEED193C2265D26F005CD4DA /* shoppingCarTableViewCell.h */,
				EEED193D2265D26F005CD4DA /* shoppingCarTableViewCell.m */,
				EED289F822753C1A007725AE /* SUSelectButton.h */,
				EED289F922753C1A007725AE /* SUSelectButton.m */,
			);
			path = shoppingCarPage;
			sourceTree = "<group>";
		};
		EE03205B225CD79700212E84 /* homePage */ = {
			isa = PBXGroup;
			children = (
				EE032062225CDCC400212E84 /* homeTableViewController.h */,
				EE032063225CDCC400212E84 /* homeTableViewController.m */,
				EE032073225D8D9D00212E84 /* homePageTableViewCell.h */,
				EE032074225D8D9D00212E84 /* homePageTableViewCell.m */,
				EED07111225D9CD10086D96C /* homeCollectionView.h */,
				EED07112225D9CD10086D96C /* homeCollectionView.m */,
				EED07114225D9D170086D96C /* homeCollectionViewCell.h */,
				EED07115225D9D170086D96C /* homeCollectionViewCell.m */,
				EED07117225DED8B0086D96C /* commodityCollectionViewCell.h */,
				EED07118225DED8B0086D96C /* commodityCollectionViewCell.m */,
			);
			path = homePage;
			sourceTree = "<group>";
		};
		EE032065225CEF3600212E84 /* model */ = {
			isa = PBXGroup;
			children = (
				EE03206E225CF51E00212E84 /* commodityInfo.h */,
				EE03206F225CF51E00212E84 /* commodityInfo.m */,
			);
			path = model;
			sourceTree = "<group>";
		};
		EE032066225CF00F00212E84 /* commodityListPage */ = {
			isa = PBXGroup;
			children = (
				EE032067225CF02300212E84 /* commodityListTableViewController.h */,
				EE032068225CF02300212E84 /* commodityListTableViewController.m */,
				EE03206B225CF46C00212E84 /* commodityListTableViewCell.h */,
				EE03206C225CF46C00212E84 /* commodityListTableViewCell.m */,
			);
			path = commodityListPage;
			sourceTree = "<group>";
		};
		EE1A8A57225CC9B40054E293 = {
			isa = PBXGroup;
			children = (
				EE032071225D88F300212E84 /* Podfile */,
				EE1A8A62225CC9B40054E293 /* shopUser */,
				EE1A8A7E225CC9B50054E293 /* shopUserTests */,
				EE1A8A89225CC9B50054E293 /* shopUserUITests */,
				EE1A8A61225CC9B40054E293 /* Products */,
				9C7B395B58C44D2797BCD9D0 /* Pods */,
				F06DE39FD92E6755F4FDCC36 /* Frameworks */,
			);
			sourceTree = "<group>";
		};
		EE1A8A61225CC9B40054E293 /* Products */ = {
			isa = PBXGroup;
			children = (
				EE1A8A60225CC9B40054E293 /* shopUser.app */,
				EE1A8A7B225CC9B50054E293 /* shopUserTests.xctest */,
				EE1A8A86225CC9B50054E293 /* shopUserUITests.xctest */,
			);
			name = Products;
			sourceTree = "<group>";
		};
		EE1A8A62225CC9B40054E293 /* shopUser */ = {
			isa = PBXGroup;
			children = (
				EE3D5DA72265B680006F05BC /* category */,
				EE3D5D942260CD83006F05BC /* Extension */,
				EE032065225CEF3600212E84 /* model */,
				EEB0A6B4226F07A600066371 /* oderPage */,
				EEDC62132268B71B0067533A /* commodityInfoPage */,
				EE032066225CF00F00212E84 /* commodityListPage */,
				EE03205B225CD79700212E84 /* homePage */,
				EE03205A225CD78300212E84 /* shoppingCarPage */,
				EE032059225CD77200212E84 /* userInfoPage */,
				EE1A8A9C225CCCB30054E293 /* categoryPage */,
				EE1A8A98225CC9EA0054E293 /* loginPage */,
				EE1A8A63225CC9B40054E293 /* AppDelegate.h */,
				EE1A8A64225CC9B40054E293 /* AppDelegate.m */,
				EE1A8A66225CC9B40054E293 /* ViewController.h */,
				EE1A8A67225CC9B40054E293 /* ViewController.m */,
				EE1A8A69225CC9B40054E293 /* Main.storyboard */,
				EE1A8A6F225CC9B50054E293 /* Assets.xcassets */,
				EE1A8A71225CC9B50054E293 /* LaunchScreen.storyboard */,
				EE1A8A74225CC9B50054E293 /* Info.plist */,
				EE1A8A75225CC9B50054E293 /* main.m */,
				EE1A8A6C225CC9B40054E293 /* shopUser.xcdatamodeld */,
				EE3D5DAC2265B928006F05BC /* UITestViewController.h */,
				EE3D5DAD2265B928006F05BC /* UITestViewController.m */,
			);
			path = shopUser;
			sourceTree = "<group>";
		};
		EE1A8A7E225CC9B50054E293 /* shopUserTests */ = {
			isa = PBXGroup;
			children = (
				EE1A8A7F225CC9B50054E293 /* shopUserTests.m */,
				EE1A8A81225CC9B50054E293 /* Info.plist */,
			);
			path = shopUserTests;
			sourceTree = "<group>";
		};
		EE1A8A89225CC9B50054E293 /* shopUserUITests */ = {
			isa = PBXGroup;
			children = (
				EE1A8A8A225CC9B50054E293 /* shopUserUITests.m */,
				EE1A8A8C225CC9B50054E293 /* Info.plist */,
			);
			path = shopUserUITests;
			sourceTree = "<group>";
		};
		EE1A8A98225CC9EA0054E293 /* loginPage */ = {
			isa = PBXGroup;
			children = (
				EE1A8A99225CC9FD0054E293 /* loginViewController.h */,
				EE1A8A9A225CC9FD0054E293 /* loginViewController.m */,
				EE5018582268756F00EF007E /* listViewController.h */,
				EE5018592268756F00EF007E /* listViewController.m */,
				EEDC620F2268AA9A0067533A /* registerViewController.h */,
				EEDC62102268AA9A0067533A /* registerViewController.m */,
			);
			path = loginPage;
			sourceTree = "<group>";
		};
		EE1A8A9C225CCCB30054E293 /* categoryPage */ = {
			isa = PBXGroup;
			children = (
				EE1A8A9D225CCCC30054E293 /* categotyViewController.h */,
				EE1A8A9E225CCCC30054E293 /* categotyViewController.m */,
				EE1A8AA0225CCCF20054E293 /* levelOneTableViewCell.h */,
				EE1A8AA1225CCCF20054E293 /* levelOneTableViewCell.m */,
				EE032056225CD3A300212E84 /* levelTwoCollectionViewCell.h */,
				EE032057225CD3A300212E84 /* levelTwoCollectionViewCell.m */,
			);
			path = categoryPage;
			sourceTree = "<group>";
		};
		EE3D5D942260CD83006F05BC /* Extension */ = {
			isa = PBXGroup;
			children = (
			);
			path = Extension;
			sourceTree = "<group>";
		};
		EE3D5DA72265B680006F05BC /* category */ = {
			isa = PBXGroup;
			children = (
				EE3D5DA82265B698006F05BC /* UIFont+themeUIFont.h */,
				EE3D5DA92265B698006F05BC /* UIFont+themeUIFont.m */,
				EE3D5DA22265AD7D006F05BC /* UIColor+themeUIColor.h */,
				EE3D5DA32265AD7D006F05BC /* UIColor+themeUIColor.m */,
			);
			path = category;
			sourceTree = "<group>";
		};
		EEB0A6B4226F07A600066371 /* oderPage */ = {
			isa = PBXGroup;
			children = (
				EEB0A6B5226F07C800066371 /* orderViewController.h */,
				EEB0A6B6226F07C800066371 /* orderViewController.m */,
				EEB0A6B9226F095000066371 /* orderTableViewCell.h */,
				EEB0A6BA226F095000066371 /* orderTableViewCell.m */,
				EEE1C84F22742EC2006ACD74 /* selectLocalViewController.h */,
				EEE1C85022742EC2006ACD74 /* selectLocalViewController.m */,
			);
			path = oderPage;
			sourceTree = "<group>";
		};
		EEDC62132268B71B0067533A /* commodityInfoPage */ = {
			isa = PBXGroup;
			children = (
				EEDC62202269772B0067533A /* infoViewController.h */,
				EEDC62212269772B0067533A /* infoViewController.m */,
				EEDC62142268B79E0067533A /* infoTableViewController.h */,
				EEDC62152268B79E0067533A /* infoTableViewController.m */,
				EEDC621822695E940067533A /* baseInfoTableViewCell.h */,
				EEDC621922695E940067533A /* baseInfoTableViewCell.m */,
				EE3AAC012272E14300A5BC94 /* evaluationDetailViewController.h */,
				EE3AAC022272E14300A5BC94 /* evaluationDetailViewController.m */,
				EED289F022748887007725AE /* ARViewController.h */,
				EED289F122748887007725AE /* ARViewController.m */,
			);
			path = commodityInfoPage;
			sourceTree = "<group>";
		};
		F06DE39FD92E6755F4FDCC36 /* Frameworks */ = {
			isa = PBXGroup;
			children = (
				C0CB5268646772CA7D070C5A /* Pods_shopUser.framework */,
			);
			name = Frameworks;
			sourceTree = "<group>";
		};
/* End PBXGroup section */

/* Begin PBXHeadersBuildPhase section */
		EE3D5DA52265B214006F05BC /* Headers */ = {
			isa = PBXHeadersBuildPhase;
			buildActionMask = 2147483647;
			files = (
				EE3AAC032272E14300A5BC94 /* evaluationDetailViewController.h in Headers */,
				EE7B7B5022702D4900D2343C /* historyTableViewController.h in Headers */,
				EED289F222748887007725AE /* ARViewController.h in Headers */,
				EE7B7B4822702D0200D2343C /* waitReceiptTableViewController.h in Headers */,
				EEDC62242269B38C0067533A /* commodityListTableViewController.h in Headers */,
				EED289FA22753C1A007725AE /* SUSelectButton.h in Headers */,
				EE6D4E3E226D714700DDE1DA /* receiptLocalViewController.h in Headers */,
				EEDC62222269772B0067533A /* infoViewController.h in Headers */,
				EE50185A2268756F00EF007E /* listViewController.h in Headers */,
				EEDC62162268B79E0067533A /* infoTableViewController.h in Headers */,
				EE3D5DAA2265B698006F05BC /* UIFont+themeUIFont.h in Headers */,
				EEB0A6B7226F07C800066371 /* orderViewController.h in Headers */,
				EE3AABFF2272BE9800A5BC94 /* evaluateViewController.h in Headers */,
				EEDC62112268AA9A0067533A /* registerViewController.h in Headers */,
				EE3AABF62271409700A5BC94 /* orderDetailTableViewCell.h in Headers */,
				EE6D4E42226D720F00DDE1DA /* receiptLocalTableViewCell.h in Headers */,
				EE7B7B4422702CEF00D2343C /* waitShipTableViewController.h in Headers */,
				EE3AABF222713DD500A5BC94 /* orderDetailViewController.h in Headers */,
				EEE1C85122742EC2006ACD74 /* selectLocalViewController.h in Headers */,
				EEDC622B226D69570067533A /* collectionTableViewCell.h in Headers */,
				EEED193E2265D26F005CD4DA /* shoppingCarTableViewCell.h in Headers */,
				EE3D5DAE2265B928006F05BC /* UITestViewController.h in Headers */,
				EE3D5DA62265B223006F05BC /* UIColor+themeUIColor.h in Headers */,
				EEB0A6BB226F095000066371 /* orderTableViewCell.h in Headers */,
				EE7B7B58227038BC00D2343C /* orderStatusTableViewCell.h in Headers */,
				EEDC6227226D689C0067533A /* collectionTableViewController.h in Headers */,
				EEDC621A22695E940067533A /* baseInfoTableViewCell.h in Headers */,
				EE7B7B4C22702D3D00D2343C /* waitEvaluateTableViewController.h in Headers */,
				EE6D4E46226D7C5600DDE1DA /* localEditViewController.h in Headers */,
			);
			runOnlyForDeploymentPostprocessing = 0;
		};
/* End PBXHeadersBuildPhase section */

/* Begin PBXNativeTarget section */
		EE1A8A5F225CC9B40054E293 /* shopUser */ = {
			isa = PBXNativeTarget;
			buildConfigurationList = EE1A8A8F225CC9B50054E293 /* Build configuration list for PBXNativeTarget "shopUser" */;
			buildPhases = (
				890CA5C90DD27CA7D0040A15 /* [CP] Check Pods Manifest.lock */,
				EE3D5DA52265B214006F05BC /* Headers */,
				EE1A8A5C225CC9B40054E293 /* Sources */,
				EE1A8A5D225CC9B40054E293 /* Frameworks */,
				EE1A8A5E225CC9B40054E293 /* Resources */,
				4C578497673AE74C53BECB67 /* [CP] Embed Pods Frameworks */,
			);
			buildRules = (
			);
			dependencies = (
			);
			name = shopUser;
			productName = shopUser;
			productReference = EE1A8A60225CC9B40054E293 /* shopUser.app */;
			productType = "com.apple.product-type.application";
		};
		EE1A8A7A225CC9B50054E293 /* shopUserTests */ = {
			isa = PBXNativeTarget;
			buildConfigurationList = EE1A8A92225CC9B50054E293 /* Build configuration list for PBXNativeTarget "shopUserTests" */;
			buildPhases = (
				EE1A8A77225CC9B50054E293 /* Sources */,
				EE1A8A78225CC9B50054E293 /* Frameworks */,
				EE1A8A79225CC9B50054E293 /* Resources */,
			);
			buildRules = (
			);
			dependencies = (
				EE1A8A7D225CC9B50054E293 /* PBXTargetDependency */,
			);
			name = shopUserTests;
			productName = shopUserTests;
			productReference = EE1A8A7B225CC9B50054E293 /* shopUserTests.xctest */;
			productType = "com.apple.product-type.bundle.unit-test";
		};
		EE1A8A85225CC9B50054E293 /* shopUserUITests */ = {
			isa = PBXNativeTarget;
			buildConfigurationList = EE1A8A95225CC9B50054E293 /* Build configuration list for PBXNativeTarget "shopUserUITests" */;
			buildPhases = (
				EE1A8A82225CC9B50054E293 /* Sources */,
				EE1A8A83225CC9B50054E293 /* Frameworks */,
				EE1A8A84225CC9B50054E293 /* Resources */,
			);
			buildRules = (
			);
			dependencies = (
				EE1A8A88225CC9B50054E293 /* PBXTargetDependency */,
			);
			name = shopUserUITests;
			productName = shopUserUITests;
			productReference = EE1A8A86225CC9B50054E293 /* shopUserUITests.xctest */;
			productType = "com.apple.product-type.bundle.ui-testing";
		};
/* End PBXNativeTarget section */

/* Begin PBXProject section */
		EE1A8A58225CC9B40054E293 /* Project object */ = {
			isa = PBXProject;
			attributes = {
				LastUpgradeCheck = 1020;
				ORGANIZATIONNAME = "李祎喆";
				TargetAttributes = {
					EE1A8A5F225CC9B40054E293 = {
						CreatedOnToolsVersion = 10.2;
					};
					EE1A8A7A225CC9B50054E293 = {
						CreatedOnToolsVersion = 10.2;
						TestTargetID = EE1A8A5F225CC9B40054E293;
					};
					EE1A8A85225CC9B50054E293 = {
						CreatedOnToolsVersion = 10.2;
						TestTargetID = EE1A8A5F225CC9B40054E293;
					};
				};
			};
			buildConfigurationList = EE1A8A5B225CC9B40054E293 /* Build configuration list for PBXProject "shopUser" */;
			compatibilityVersion = "Xcode 9.3";
			developmentRegion = en;
			hasScannedForEncodings = 0;
			knownRegions = (
				en,
				Base,
			);
			mainGroup = EE1A8A57225CC9B40054E293;
			productRefGroup = EE1A8A61225CC9B40054E293 /* Products */;
			projectDirPath = "";
			projectRoot = "";
			targets = (
				EE1A8A5F225CC9B40054E293 /* shopUser */,
				EE1A8A7A225CC9B50054E293 /* shopUserTests */,
				EE1A8A85225CC9B50054E293 /* shopUserUITests */,
			);
		};
/* End PBXProject section */

/* Begin PBXResourcesBuildPhase section */
		EE1A8A5E225CC9B40054E293 /* Resources */ = {
			isa = PBXResourcesBuildPhase;
			buildActionMask = 2147483647;
			files = (
				EE1A8A73225CC9B50054E293 /* LaunchScreen.storyboard in Resources */,
				EE1A8A70225CC9B50054E293 /* Assets.xcassets in Resources */,
				EE032072225D88F300212E84 /* Podfile in Resources */,
				EE1A8A6B225CC9B40054E293 /* Main.storyboard in Resources */,
			);
			runOnlyForDeploymentPostprocessing = 0;
		};
		EE1A8A79225CC9B50054E293 /* Resources */ = {
			isa = PBXResourcesBuildPhase;
			buildActionMask = 2147483647;
			files = (
			);
			runOnlyForDeploymentPostprocessing = 0;
		};
		EE1A8A84225CC9B50054E293 /* Resources */ = {
			isa = PBXResourcesBuildPhase;
			buildActionMask = 2147483647;
			files = (
			);
			runOnlyForDeploymentPostprocessing = 0;
		};
/* End PBXResourcesBuildPhase section */

/* Begin PBXShellScriptBuildPhase section */
		4C578497673AE74C53BECB67 /* [CP] Embed Pods Frameworks */ = {
			isa = PBXShellScriptBuildPhase;
			buildActionMask = 2147483647;
			files = (
			);
			inputPaths = (
				"${SRCROOT}/Pods/Target Support Files/Pods-shopUser/Pods-shopUser-frameworks.sh",
				"${BUILT_PRODUCTS_DIR}/AVOSCloud/AVOSCloud.framework",
				"${BUILT_PRODUCTS_DIR}/BRPickerView/BRPickerView.framework",
				"${BUILT_PRODUCTS_DIR}/GRStarsView/GRStarsView.framework",
				"${BUILT_PRODUCTS_DIR}/JVFloatLabeledTextField/JVFloatLabeledTextField.framework",
				"${BUILT_PRODUCTS_DIR}/JXCategoryView/JXCategoryView.framework",
				"${BUILT_PRODUCTS_DIR}/MJRefresh/MJRefresh.framework",
				"${BUILT_PRODUCTS_DIR}/Masonry/Masonry.framework",
				"${BUILT_PRODUCTS_DIR}/PPNumberButton/PPNumberButton.framework",
				"${BUILT_PRODUCTS_DIR}/PYSearch/PYSearch.framework",
				"${BUILT_PRODUCTS_DIR}/SDCycleScrollView/SDCycleScrollView.framework",
				"${BUILT_PRODUCTS_DIR}/SDWebImage/SDWebImage.framework",
				"${BUILT_PRODUCTS_DIR}/SVProgressHUD/SVProgressHUD.framework",
			);
			name = "[CP] Embed Pods Frameworks";
			outputPaths = (
				"${TARGET_BUILD_DIR}/${FRAMEWORKS_FOLDER_PATH}/AVOSCloud.framework",
				"${TARGET_BUILD_DIR}/${FRAMEWORKS_FOLDER_PATH}/BRPickerView.framework",
				"${TARGET_BUILD_DIR}/${FRAMEWORKS_FOLDER_PATH}/GRStarsView.framework",
				"${TARGET_BUILD_DIR}/${FRAMEWORKS_FOLDER_PATH}/JVFloatLabeledTextField.framework",
				"${TARGET_BUILD_DIR}/${FRAMEWORKS_FOLDER_PATH}/JXCategoryView.framework",
				"${TARGET_BUILD_DIR}/${FRAMEWORKS_FOLDER_PATH}/MJRefresh.framework",
				"${TARGET_BUILD_DIR}/${FRAMEWORKS_FOLDER_PATH}/Masonry.framework",
				"${TARGET_BUILD_DIR}/${FRAMEWORKS_FOLDER_PATH}/PPNumberButton.framework",
				"${TARGET_BUILD_DIR}/${FRAMEWORKS_FOLDER_PATH}/PYSearch.framework",
				"${TARGET_BUILD_DIR}/${FRAMEWORKS_FOLDER_PATH}/SDCycleScrollView.framework",
				"${TARGET_BUILD_DIR}/${FRAMEWORKS_FOLDER_PATH}/SDWebImage.framework",
				"${TARGET_BUILD_DIR}/${FRAMEWORKS_FOLDER_PATH}/SVProgressHUD.framework",
			);
			runOnlyForDeploymentPostprocessing = 0;
			shellPath = /bin/sh;
			shellScript = "\"${SRCROOT}/Pods/Target Support Files/Pods-shopUser/Pods-shopUser-frameworks.sh\"\n";
			showEnvVarsInLog = 0;
		};
		890CA5C90DD27CA7D0040A15 /* [CP] Check Pods Manifest.lock */ = {
			isa = PBXShellScriptBuildPhase;
			buildActionMask = 2147483647;
			files = (
			);
			inputPaths = (
				"${PODS_PODFILE_DIR_PATH}/Podfile.lock",
				"${PODS_ROOT}/Manifest.lock",
			);
			name = "[CP] Check Pods Manifest.lock";
			outputPaths = (
				"$(DERIVED_FILE_DIR)/Pods-shopUser-checkManifestLockResult.txt",
			);
			runOnlyForDeploymentPostprocessing = 0;
			shellPath = /bin/sh;
			shellScript = "diff \"${PODS_PODFILE_DIR_PATH}/Podfile.lock\" \"${PODS_ROOT}/Manifest.lock\" > /dev/null\nif [ $? != 0 ] ; then\n    # print error to STDERR\n    echo \"error: The sandbox is not in sync with the Podfile.lock. Run 'pod install' or update your CocoaPods installation.\" >&2\n    exit 1\nfi\n# This output is used by Xcode 'outputs' to avoid re-running this script phase.\necho \"SUCCESS\" > \"${SCRIPT_OUTPUT_FILE_0}\"\n";
			showEnvVarsInLog = 0;
		};
/* End PBXShellScriptBuildPhase section */

/* Begin PBXSourcesBuildPhase section */
		EE1A8A5C225CC9B40054E293 /* Sources */ = {
			isa = PBXSourcesBuildPhase;
			buildActionMask = 2147483647;
			files = (
				EE032075225D8D9D00212E84 /* homePageTableViewCell.m in Sources */,
				EE032058225CD3A300212E84 /* levelTwoCollectionViewCell.m in Sources */,
				EED289F322748887007725AE /* ARViewController.m in Sources */,
				EE032064225CDCC400212E84 /* homeTableViewController.m in Sources */,
				EEB0A6B8226F07C800066371 /* orderViewController.m in Sources */,
				EE1A8A9F225CCCC30054E293 /* categotyViewController.m in Sources */,
				EE7B7B4D22702D3D00D2343C /* waitEvaluateTableViewController.m in Sources */,
				EE1A8A68225CC9B40054E293 /* ViewController.m in Sources */,
				EE50185B2268756F00EF007E /* listViewController.m in Sources */,
				EE1A8A9B225CC9FD0054E293 /* loginViewController.m in Sources */,
				EEDC62232269772B0067533A /* infoViewController.m in Sources */,
				EEE1C85222742EC2006ACD74 /* selectLocalViewController.m in Sources */,
				EED07119225DED8B0086D96C /* commodityCollectionViewCell.m in Sources */,
				EE7B7B4922702D0200D2343C /* waitReceiptTableViewController.m in Sources */,
				EEDC62122268AA9A0067533A /* registerViewController.m in Sources */,
				EE1A8A65225CC9B40054E293 /* AppDelegate.m in Sources */,
				EE3AABF322713DD500A5BC94 /* orderDetailViewController.m in Sources */,
				EE3D5DAB2265B698006F05BC /* UIFont+themeUIFont.m in Sources */,
				EEDC622C226D69570067533A /* collectionTableViewCell.m in Sources */,
				EE6D4E3F226D714700DDE1DA /* receiptLocalViewController.m in Sources */,
				EE6D4E43226D720F00DDE1DA /* receiptLocalTableViewCell.m in Sources */,
				EE3D5DA42265AD7D006F05BC /* UIColor+themeUIColor.m in Sources */,
				EE1A8A76225CC9B50054E293 /* main.m in Sources */,
				EE3AAC042272E14300A5BC94 /* evaluationDetailViewController.m in Sources */,
				EED07122225E2F490086D96C /* orderStatusCollectionViewCell.m in Sources */,
				EE032061225CDAD900212E84 /* userInfoTableViewController.m in Sources */,
				EED0711C225E2E320086D96C /* userInfoTableViewCell.m in Sources */,
				EE7B7B59227038BC00D2343C /* orderStatusTableViewCell.m in Sources */,
				EE6D4E47226D7C5600DDE1DA /* localEditViewController.m in Sources */,
				EEB0A6BC226F095000066371 /* orderTableViewCell.m in Sources */,
				EE03205E225CD8EE00212E84 /* shoppingCarViewController.m in Sources */,
				EE032069225CF02300212E84 /* commodityListTableViewController.m in Sources */,
				EE1A8AA2225CCCF20054E293 /* levelOneTableViewCell.m in Sources */,
				EEDC621B22695E940067533A /* baseInfoTableViewCell.m in Sources */,
				EEED193F2265D26F005CD4DA /* shoppingCarTableViewCell.m in Sources */,
				EE7B7B4522702CEF00D2343C /* waitShipTableViewController.m in Sources */,
				EE3AAC002272BE9800A5BC94 /* evaluateViewController.m in Sources */,
				EE032070225CF51E00212E84 /* commodityInfo.m in Sources */,
				EE7B7B5122702D4900D2343C /* historyTableViewController.m in Sources */,
				EE3AABF72271409700A5BC94 /* orderDetailTableViewCell.m in Sources */,
				EE03206D225CF46C00212E84 /* commodityListTableViewCell.m in Sources */,
				EEDC62172268B79E0067533A /* infoTableViewController.m in Sources */,
				EE1A8A6E225CC9B40054E293 /* shopUser.xcdatamodeld in Sources */,
				EED07116225D9D170086D96C /* homeCollectionViewCell.m in Sources */,
				EE3D5DAF2265B928006F05BC /* UITestViewController.m in Sources */,
				EED07113225D9CD10086D96C /* homeCollectionView.m in Sources */,
				EEDC6228226D689C0067533A /* collectionTableViewController.m in Sources */,
				EED289FB22753C1A007725AE /* SUSelectButton.m in Sources */,
			);
			runOnlyForDeploymentPostprocessing = 0;
		};
		EE1A8A77225CC9B50054E293 /* Sources */ = {
			isa = PBXSourcesBuildPhase;
			buildActionMask = 2147483647;
			files = (
				EE1A8A80225CC9B50054E293 /* shopUserTests.m in Sources */,
			);
			runOnlyForDeploymentPostprocessing = 0;
		};
		EE1A8A82225CC9B50054E293 /* Sources */ = {
			isa = PBXSourcesBuildPhase;
			buildActionMask = 2147483647;
			files = (
				EE1A8A8B225CC9B50054E293 /* shopUserUITests.m in Sources */,
			);
			runOnlyForDeploymentPostprocessing = 0;
		};
/* End PBXSourcesBuildPhase section */

/* Begin PBXTargetDependency section */
		EE1A8A7D225CC9B50054E293 /* PBXTargetDependency */ = {
			isa = PBXTargetDependency;
			target = EE1A8A5F225CC9B40054E293 /* shopUser */;
			targetProxy = EE1A8A7C225CC9B50054E293 /* PBXContainerItemProxy */;
		};
		EE1A8A88225CC9B50054E293 /* PBXTargetDependency */ = {
			isa = PBXTargetDependency;
			target = EE1A8A5F225CC9B40054E293 /* shopUser */;
			targetProxy = EE1A8A87225CC9B50054E293 /* PBXContainerItemProxy */;
		};
/* End PBXTargetDependency section */

/* Begin PBXVariantGroup section */
		EE1A8A69225CC9B40054E293 /* Main.storyboard */ = {
			isa = PBXVariantGroup;
			children = (
				EE1A8A6A225CC9B40054E293 /* Base */,
			);
			name = Main.storyboard;
			sourceTree = "<group>";
		};
		EE1A8A71225CC9B50054E293 /* LaunchScreen.storyboard */ = {
			isa = PBXVariantGroup;
			children = (
				EE1A8A72225CC9B50054E293 /* Base */,
			);
			name = LaunchScreen.storyboard;
			sourceTree = "<group>";
		};
/* End PBXVariantGroup section */

/* Begin XCBuildConfiguration section */
		EE1A8A8D225CC9B50054E293 /* Debug */ = {
			isa = XCBuildConfiguration;
			buildSettings = {
				ALWAYS_SEARCH_USER_PATHS = NO;
				CLANG_ANALYZER_NONNULL = YES;
				CLANG_ANALYZER_NUMBER_OBJECT_CONVERSION = YES_AGGRESSIVE;
				CLANG_CXX_LANGUAGE_STANDARD = "gnu++14";
				CLANG_CXX_LIBRARY = "libc++";
				CLANG_ENABLE_MODULES = YES;
				CLANG_ENABLE_OBJC_ARC = YES;
				CLANG_ENABLE_OBJC_WEAK = YES;
				CLANG_WARN_BLOCK_CAPTURE_AUTORELEASING = YES;
				CLANG_WARN_BOOL_CONVERSION = YES;
				CLANG_WARN_COMMA = YES;
				CLANG_WARN_CONSTANT_CONVERSION = YES;
				CLANG_WARN_DEPRECATED_OBJC_IMPLEMENTATIONS = YES;
				CLANG_WARN_DIRECT_OBJC_ISA_USAGE = YES_ERROR;
				CLANG_WARN_DOCUMENTATION_COMMENTS = YES;
				CLANG_WARN_EMPTY_BODY = YES;
				CLANG_WARN_ENUM_CONVERSION = YES;
				CLANG_WARN_INFINITE_RECURSION = YES;
				CLANG_WARN_INT_CONVERSION = YES;
				CLANG_WARN_NON_LITERAL_NULL_CONVERSION = YES;
				CLANG_WARN_OBJC_IMPLICIT_RETAIN_SELF = YES;
				CLANG_WARN_OBJC_LITERAL_CONVERSION = YES;
				CLANG_WARN_OBJC_ROOT_CLASS = YES_ERROR;
				CLANG_WARN_RANGE_LOOP_ANALYSIS = YES;
				CLANG_WARN_STRICT_PROTOTYPES = YES;
				CLANG_WARN_SUSPICIOUS_MOVE = YES;
				CLANG_WARN_UNGUARDED_AVAILABILITY = YES_AGGRESSIVE;
				CLANG_WARN_UNREACHABLE_CODE = YES;
				CLANG_WARN__DUPLICATE_METHOD_MATCH = YES;
				CODE_SIGN_IDENTITY = "iPhone Developer";
				COPY_PHASE_STRIP = NO;
				DEBUG_INFORMATION_FORMAT = dwarf;
				ENABLE_STRICT_OBJC_MSGSEND = YES;
				ENABLE_TESTABILITY = YES;
				GCC_C_LANGUAGE_STANDARD = gnu11;
				GCC_DYNAMIC_NO_PIC = NO;
				GCC_NO_COMMON_BLOCKS = YES;
				GCC_OPTIMIZATION_LEVEL = 0;
				GCC_PREPROCESSOR_DEFINITIONS = (
					"DEBUG=1",
					"$(inherited)",
				);
				GCC_WARN_64_TO_32_BIT_CONVERSION = YES;
				GCC_WARN_ABOUT_RETURN_TYPE = YES_ERROR;
				GCC_WARN_UNDECLARED_SELECTOR = YES;
				GCC_WARN_UNINITIALIZED_AUTOS = YES_AGGRESSIVE;
				GCC_WARN_UNUSED_FUNCTION = YES;
				GCC_WARN_UNUSED_VARIABLE = YES;
				IPHONEOS_DEPLOYMENT_TARGET = 12.2;
				MTL_ENABLE_DEBUG_INFO = INCLUDE_SOURCE;
				MTL_FAST_MATH = YES;
				ONLY_ACTIVE_ARCH = YES;
				SDKROOT = iphoneos;
			};
			name = Debug;
		};
		EE1A8A8E225CC9B50054E293 /* Release */ = {
			isa = XCBuildConfiguration;
			buildSettings = {
				ALWAYS_SEARCH_USER_PATHS = NO;
				CLANG_ANALYZER_NONNULL = YES;
				CLANG_ANALYZER_NUMBER_OBJECT_CONVERSION = YES_AGGRESSIVE;
				CLANG_CXX_LANGUAGE_STANDARD = "gnu++14";
				CLANG_CXX_LIBRARY = "libc++";
				CLANG_ENABLE_MODULES = YES;
				CLANG_ENABLE_OBJC_ARC = YES;
				CLANG_ENABLE_OBJC_WEAK = YES;
				CLANG_WARN_BLOCK_CAPTURE_AUTORELEASING = YES;
				CLANG_WARN_BOOL_CONVERSION = YES;
				CLANG_WARN_COMMA = YES;
				CLANG_WARN_CONSTANT_CONVERSION = YES;
				CLANG_WARN_DEPRECATED_OBJC_IMPLEMENTATIONS = YES;
				CLANG_WARN_DIRECT_OBJC_ISA_USAGE = YES_ERROR;
				CLANG_WARN_DOCUMENTATION_COMMENTS = YES;
				CLANG_WARN_EMPTY_BODY = YES;
				CLANG_WARN_ENUM_CONVERSION = YES;
				CLANG_WARN_INFINITE_RECURSION = YES;
				CLANG_WARN_INT_CONVERSION = YES;
				CLANG_WARN_NON_LITERAL_NULL_CONVERSION = YES;
				CLANG_WARN_OBJC_IMPLICIT_RETAIN_SELF = YES;
				CLANG_WARN_OBJC_LITERAL_CONVERSION = YES;
				CLANG_WARN_OBJC_ROOT_CLASS = YES_ERROR;
				CLANG_WARN_RANGE_LOOP_ANALYSIS = YES;
				CLANG_WARN_STRICT_PROTOTYPES = YES;
				CLANG_WARN_SUSPICIOUS_MOVE = YES;
				CLANG_WARN_UNGUARDED_AVAILABILITY = YES_AGGRESSIVE;
				CLANG_WARN_UNREACHABLE_CODE = YES;
				CLANG_WARN__DUPLICATE_METHOD_MATCH = YES;
				CODE_SIGN_IDENTITY = "iPhone Developer";
				COPY_PHASE_STRIP = NO;
				DEBUG_INFORMATION_FORMAT = "dwarf-with-dsym";
				ENABLE_NS_ASSERTIONS = NO;
				ENABLE_STRICT_OBJC_MSGSEND = YES;
				GCC_C_LANGUAGE_STANDARD = gnu11;
				GCC_NO_COMMON_BLOCKS = YES;
				GCC_WARN_64_TO_32_BIT_CONVERSION = YES;
				GCC_WARN_ABOUT_RETURN_TYPE = YES_ERROR;
				GCC_WARN_UNDECLARED_SELECTOR = YES;
				GCC_WARN_UNINITIALIZED_AUTOS = YES_AGGRESSIVE;
				GCC_WARN_UNUSED_FUNCTION = YES;
				GCC_WARN_UNUSED_VARIABLE = YES;
				IPHONEOS_DEPLOYMENT_TARGET = 12.2;
				MTL_ENABLE_DEBUG_INFO = NO;
				MTL_FAST_MATH = YES;
				SDKROOT = iphoneos;
				VALIDATE_PRODUCT = YES;
			};
			name = Release;
		};
		EE1A8A90225CC9B50054E293 /* Debug */ = {
			isa = XCBuildConfiguration;
			baseConfigurationReference = 213FEDECC8C1DE405B8C948E /* Pods-shopUser.debug.xcconfig */;
			buildSettings = {
				ASSETCATALOG_COMPILER_APPICON_NAME = AppIcon;
				CODE_SIGN_STYLE = Automatic;
				DEVELOPMENT_TEAM = 6TJKYE5XV9;
				INFOPLIST_FILE = shopUser/Info.plist;
				LD_RUNPATH_SEARCH_PATHS = (
					"$(inherited)",
					"@executable_path/Frameworks",
				);
				PRODUCT_BUNDLE_IDENTIFIER = muziruo.shopUser;
				PRODUCT_NAME = "$(TARGET_NAME)";
				TARGETED_DEVICE_FAMILY = "1,2";
			};
			name = Debug;
		};
		EE1A8A91225CC9B50054E293 /* Release */ = {
			isa = XCBuildConfiguration;
			baseConfigurationReference = 2A37FA38FF45EF96FB5F9741 /* Pods-shopUser.release.xcconfig */;
			buildSettings = {
				ASSETCATALOG_COMPILER_APPICON_NAME = AppIcon;
				CODE_SIGN_STYLE = Automatic;
				DEVELOPMENT_TEAM = 6TJKYE5XV9;
				INFOPLIST_FILE = shopUser/Info.plist;
				LD_RUNPATH_SEARCH_PATHS = (
					"$(inherited)",
					"@executable_path/Frameworks",
				);
				PRODUCT_BUNDLE_IDENTIFIER = muziruo.shopUser;
				PRODUCT_NAME = "$(TARGET_NAME)";
				TARGETED_DEVICE_FAMILY = "1,2";
			};
			name = Release;
		};
		EE1A8A93225CC9B50054E293 /* Debug */ = {
			isa = XCBuildConfiguration;
			buildSettings = {
				BUNDLE_LOADER = "$(TEST_HOST)";
				CODE_SIGN_STYLE = Automatic;
				DEVELOPMENT_TEAM = 6TJKYE5XV9;
				INFOPLIST_FILE = shopUserTests/Info.plist;
				LD_RUNPATH_SEARCH_PATHS = (
					"$(inherited)",
					"@executable_path/Frameworks",
					"@loader_path/Frameworks",
				);
				PRODUCT_BUNDLE_IDENTIFIER = muziruo.shopUserTests;
				PRODUCT_NAME = "$(TARGET_NAME)";
				TARGETED_DEVICE_FAMILY = "1,2";
				TEST_HOST = "$(BUILT_PRODUCTS_DIR)/shopUser.app/shopUser";
			};
			name = Debug;
		};
		EE1A8A94225CC9B50054E293 /* Release */ = {
			isa = XCBuildConfiguration;
			buildSettings = {
				BUNDLE_LOADER = "$(TEST_HOST)";
				CODE_SIGN_STYLE = Automatic;
				DEVELOPMENT_TEAM = 6TJKYE5XV9;
				INFOPLIST_FILE = shopUserTests/Info.plist;
				LD_RUNPATH_SEARCH_PATHS = (
					"$(inherited)",
					"@executable_path/Frameworks",
					"@loader_path/Frameworks",
				);
				PRODUCT_BUNDLE_IDENTIFIER = muziruo.shopUserTests;
				PRODUCT_NAME = "$(TARGET_NAME)";
				TARGETED_DEVICE_FAMILY = "1,2";
				TEST_HOST = "$(BUILT_PRODUCTS_DIR)/shopUser.app/shopUser";
			};
			name = Release;
		};
		EE1A8A96225CC9B50054E293 /* Debug */ = {
			isa = XCBuildConfiguration;
			buildSettings = {
				CODE_SIGN_STYLE = Automatic;
				DEVELOPMENT_TEAM = 6TJKYE5XV9;
				INFOPLIST_FILE = shopUserUITests/Info.plist;
				LD_RUNPATH_SEARCH_PATHS = (
					"$(inherited)",
					"@executable_path/Frameworks",
					"@loader_path/Frameworks",
				);
				PRODUCT_BUNDLE_IDENTIFIER = muziruo.shopUserUITests;
				PRODUCT_NAME = "$(TARGET_NAME)";
				TARGETED_DEVICE_FAMILY = "1,2";
				TEST_TARGET_NAME = shopUser;
			};
			name = Debug;
		};
		EE1A8A97225CC9B50054E293 /* Release */ = {
			isa = XCBuildConfiguration;
			buildSettings = {
				CODE_SIGN_STYLE = Automatic;
				DEVELOPMENT_TEAM = 6TJKYE5XV9;
				INFOPLIST_FILE = shopUserUITests/Info.plist;
				LD_RUNPATH_SEARCH_PATHS = (
					"$(inherited)",
					"@executable_path/Frameworks",
					"@loader_path/Frameworks",
				);
				PRODUCT_BUNDLE_IDENTIFIER = muziruo.shopUserUITests;
				PRODUCT_NAME = "$(TARGET_NAME)";
				TARGETED_DEVICE_FAMILY = "1,2";
				TEST_TARGET_NAME = shopUser;
			};
			name = Release;
		};
/* End XCBuildConfiguration section */

/* Begin XCConfigurationList section */
		EE1A8A5B225CC9B40054E293 /* Build configuration list for PBXProject "shopUser" */ = {
			isa = XCConfigurationList;
			buildConfigurations = (
				EE1A8A8D225CC9B50054E293 /* Debug */,
				EE1A8A8E225CC9B50054E293 /* Release */,
			);
			defaultConfigurationIsVisible = 0;
			defaultConfigurationName = Release;
		};
		EE1A8A8F225CC9B50054E293 /* Build configuration list for PBXNativeTarget "shopUser" */ = {
			isa = XCConfigurationList;
			buildConfigurations = (
				EE1A8A90225CC9B50054E293 /* Debug */,
				EE1A8A91225CC9B50054E293 /* Release */,
			);
			defaultConfigurationIsVisible = 0;
			defaultConfigurationName = Release;
		};
		EE1A8A92225CC9B50054E293 /* Build configuration list for PBXNativeTarget "shopUserTests" */ = {
			isa = XCConfigurationList;
			buildConfigurations = (
				EE1A8A93225CC9B50054E293 /* Debug */,
				EE1A8A94225CC9B50054E293 /* Release */,
			);
			defaultConfigurationIsVisible = 0;
			defaultConfigurationName = Release;
		};
		EE1A8A95225CC9B50054E293 /* Build configuration list for PBXNativeTarget "shopUserUITests" */ = {
			isa = XCConfigurationList;
			buildConfigurations = (
				EE1A8A96225CC9B50054E293 /* Debug */,
				EE1A8A97225CC9B50054E293 /* Release */,
			);
			defaultConfigurationIsVisible = 0;
			defaultConfigurationName = Release;
		};
/* End XCConfigurationList section */

/* Begin XCVersionGroup section */
		EE1A8A6C225CC9B40054E293 /* shopUser.xcdatamodeld */ = {
			isa = XCVersionGroup;
			children = (
				EE1A8A6D225CC9B40054E293 /* shopUser.xcdatamodel */,
			);
			currentVersion = EE1A8A6D225CC9B40054E293 /* shopUser.xcdatamodel */;
			path = shopUser.xcdatamodeld;
			sourceTree = "<group>";
			versionGroupType = wrapper.xcdatamodel;
		};
/* End XCVersionGroup section */
	};
	rootObject = EE1A8A58225CC9B40054E293 /* Project object */;
}
